
Microsoft Visual Studio Solution File, Format Version 12.00
# Visual Studio Version 17
VisualStudioVersion = 17.4.33110.190
MinimumVisualStudioVersion = 10.0.40219.1
Project("{FAE04EC0-301F-11D3-BF4B-00C04F79EFBC}") = "PersonManager.Logic", "PersonManager.Logic\PersonManager.Logic.csproj", "{0F009FFF-9C68-48BE-A85E-0D7C0315083C}"
EndProject
Project("{FAE04EC0-301F-11D3-BF4B-00C04F79EFBC}") = "PersonManager.WpfApp", "PersonManager.WpfApp\PersonManager.WpfApp.csproj", "{2E876E6D-70AE-4BDD-8587-E6E38164E886}"
EndProject
Project("{FAE04EC0-301F-11D3-BF4B-00C04F79EFBC}") = "PersonManager.ConApp", "PersonManager.ConApp\PersonManager.ConApp.csproj", "{F69875FA-2A5C-482F-9EA5-F958AA18158E}"
EndProject
Global
	GlobalSection(SolutionConfigurationPlatforms) = preSolution
		Debug|Any CPU = Debug|Any CPU
		Release|Any CPU = Release|Any CPU
	EndGlobalSection
	GlobalSection(ProjectConfigurationPlatforms) = postSolution
		{0F009FFF-9C68-48BE-A85E-0D7C0315083C}.Debug|Any CPU.ActiveCfg = Debug|Any CPU
		{0F009FFF-9C68-48BE-A85E-0D7C0315083C}.Debug|Any CPU.Build.0 = Debug|Any CPU
		{0F009FFF-9C68-48BE-A85E-0D7C0315083C}.Release|Any CPU.ActiveCfg = Release|Any CPU
		{0F009FFF-9C68-48BE-A85E-0D7C0315083C}.Release|Any CPU.Build.0 = Release|Any CPU
		{2E876E6D-70AE-4BDD-8587-E6E38164E886}.Debug|Any CPU.ActiveCfg = Debug|Any CPU
		{2E876E6D-70AE-4BDD-8587-E6E38164E886}.Debug|Any CPU.Build.0 = Debug|Any CPU
		{2E876E6D-70AE-4BDD-8587-E6E38164E886}.Release|Any CPU.ActiveCfg = Release|Any CPU
		{2E876E6D-70AE-4BDD-8587-E6E38164E886}.Release|Any CPU.Build.0 = Release|Any CPU
		{F69875FA-2A5C-482F-9EA5-F958AA18158E}.Debug|Any CPU.ActiveCfg = Debug|Any CPU
		{F69875FA-2A5C-482F-9EA5-F958AA18158E}.Debug|Any CPU.Build.0 = Debug|Any CPU
		{F69875FA-2A5C-482F-9EA5-F958AA18158E}.Release|Any CPU.ActiveCfg = Release|Any CPU
		{F69875FA-2A5C-482F-9EA5-F958AA18158E}.Release|Any CPU.Build.0 = Release|Any CPU
	EndGlobalSection
	GlobalSection(SolutionProperties) = preSolution
		HideSolutionNode = FALSE
	EndGlobalSection
	GlobalSection(ExtensibilityGlobals) = postSolution
		SolutionGuid = {C0A99423-77A0-4D67-8B86-CFA65705A931}
	EndGlobalSection
EndGlobal
